
Microsoft Visual Studio Solution File, Format Version 12.00
# Visual Studio Version 17
VisualStudioVersion = 17.14.36414.22 d17.14
MinimumVisualStudioVersion = 10.0.40219.1
Project("{FAE04EC0-301F-11D3-BF4B-00C04F79EFBC}") = "TraderMod.Client", "TraderMod.Client\TraderMod.Client.csproj", "{094D4494-2048-4671-AA61-17C831F68633}"
EndProject
Project("{FAE04EC0-301F-11D3-BF4B-00C04F79EFBC}") = "TraderMod.Shared", "TraderMod.Shared\TraderMod.Shared.csproj", "{D2E08540-E3CB-4121-A2C2-4DD035BAB5C8}"
EndProject
Global
	GlobalSection(SolutionConfigurationPlatforms) = preSolution
		Debug|Any CPU = Debug|Any CPU
		Release|Any CPU = Release|Any CPU
	EndGlobalSection
	GlobalSection(ProjectConfigurationPlatforms) = postSolution
		{094D4494-2048-4671-AA61-17C831F68633}.Debug|Any CPU.ActiveCfg = Debug|Any CPU
		{094D4494-2048-4671-AA61-17C831F68633}.Debug|Any CPU.Build.0 = Debug|Any CPU
		{094D4494-2048-4671-AA61-17C831F68633}.Release|Any CPU.ActiveCfg = Release|Any CPU
		{094D4494-2048-4671-AA61-17C831F68633}.Release|Any CPU.Build.0 = Release|Any CPU
		{D2E08540-E3CB-4121-A2C2-4DD035BAB5C8}.Debug|Any CPU.ActiveCfg = Debug|Any CPU
		{D2E08540-E3CB-4121-A2C2-4DD035BAB5C8}.Debug|Any CPU.Build.0 = Debug|Any CPU
		{D2E08540-E3CB-4121-A2C2-4DD035BAB5C8}.Release|Any CPU.ActiveCfg = Release|Any CPU
		{D2E08540-E3CB-4121-A2C2-4DD035BAB5C8}.Release|Any CPU.Build.0 = Release|Any CPU
	EndGlobalSection
	GlobalSection(SolutionProperties) = preSolution
		HideSolutionNode = FALSE
	EndGlobalSection
	GlobalSection(ExtensibilityGlobals) = postSolution
		SolutionGuid = {E3018CF2-7B77-462C-BF14-9E6E30CCB1C0}
	EndGlobalSection
EndGlobal
